PODS:
  - Alamofire (4.7.3)
  - LBTAComponents (1.0.2)

DEPENDENCIES:
  - Alamofire
  - LBTAComponents

SPEC REPOS:
  https://github.com/cocoapods/specs.git:
    - Alamofire
    - LBTAComponents

SPEC CHECKSUMS:
  Alamofire: c7287b6e5d7da964a70935e5db17046b7fde6568
  LBTAComponents: c4c8863e0ef6715e378300db148b96a09df656f7

PODFILE CHECKSUM: 9e5fe63b629490de7e25f9f3254d9b16de16ac2d

COCOAPODS: 1.5.3
